{
  "lockfileVersion": 1,
  "workspaces": {
    "": {
      "dependencies": {
        "prettier": "^3.6.2",
        "prettier-plugin-properties": "^0.3.0",
        "prettier-plugin-toml": "^2.0.6",
      },
    },
  },
  "packages": {
    "@taplo/core": ["@taplo/core@0.2.0", "", {}, "sha512-r8bl54Zj1In3QLkiW/ex694bVzpPJ9EhwqT9xkcUVODnVUGirdB1JTsmiIv0o1uwqZiwhi8xNnTOQBRQCpizrQ=="],

    "@taplo/lib": ["@taplo/lib@0.5.0", "", { "dependencies": { "@taplo/core": "^0.2.0" } }, "sha512-+xIqpQXJco3T+VGaTTwmhxLa51qpkQxCjRwezjFZgr+l21ExlywJFcDfTrNmL6lG6tqb0h8GyJKO3UPGPtSCWg=="],

    "dot-properties": ["dot-properties@1.1.0", "", {}, "sha512-uyyuVNX+wq1lTrmLO9iJJAX/vpJ57uppiXQpsd4j1y6NAtHkhCROA4si4mTZMTRshCbcLC1+EMXWZV2MPHUl9A=="],

    "prettier": ["prettier@3.6.2", "", { "bin": { "prettier": "bin/prettier.cjs" } }, "sha512-I7AIg5boAr5R0FFtJ6rCfD+LFsWHp81dolrFD8S79U9tb8Az2nGrJncnMSnys+bpQJfRUzqs9hnA81OAA3hCuQ=="],

    "prettier-plugin-properties": ["prettier-plugin-properties@0.3.0", "", { "dependencies": { "dot-properties": "^1.0.0" }, "peerDependencies": { "prettier": ">= 2.3.0" } }, "sha512-j2h4NbG6hIaRx0W7CDPUH+yDbzXHmI2urPC1EC8pYrsS5R5AYgAmcSDN0oea+C5mBiN6BK0AkiSKPj0RC17NDQ=="],

    "prettier-plugin-toml": ["prettier-plugin-toml@2.0.6", "", { "dependencies": { "@taplo/lib": "^0.5.0" }, "peerDependencies": { "prettier": "^3.0.3" } }, "sha512-12N/wBuHa9jd/KVy9pRP20NMKxQfQLMseQCt66lIbLaPLItvGUcSIryE1eZZMJ7loSws6Ig3M2Elc2EreNh76w=="],
  }
}
